
Microsoft Visual Studio Solution File, Format Version 12.00
# Visual Studio Express 14 for Web
VisualStudioVersion = 14.0.22823.1
MinimumVisualStudioVersion = 10.0.40219.1
Project("{2150E333-8FDC-42A3-9474-1A3956D46DE8}") = "src", "src", "{B3E2F601-DD4E-48C1-991E-7155C7E2A04C}"
EndProject
Project("{2150E333-8FDC-42A3-9474-1A3956D46DE8}") = "Solution Items", "Solution Items", "{E92C8865-6B73-4607-9078-7BC6E6DB6A96}"
	ProjectSection(SolutionItems) = preProject
		global.json = global.json
	EndProjectSection
EndProject
Project("{8BB2217D-0F2D-49D1-97BC-3654ED321F3B}") = "create_CMS_ASPNET_MVC", "src\create_CMS_ASPNET_MVC\create_CMS_ASPNET_MVC.xproj", "{909BAB1C-8BC1-4E2C-9BE5-FD6249652062}"
EndProject
Global
	GlobalSection(SolutionConfigurationPlatforms) = preSolution
		Debug|Any CPU = Debug|Any CPU
		Release|Any CPU = Release|Any CPU
	EndGlobalSection
	GlobalSection(ProjectConfigurationPlatforms) = postSolution
		{909BAB1C-8BC1-4E2C-9BE5-FD6249652062}.Debug|Any CPU.ActiveCfg = Debug|Any CPU
		{909BAB1C-8BC1-4E2C-9BE5-FD6249652062}.Debug|Any CPU.Build.0 = Debug|Any CPU
		{909BAB1C-8BC1-4E2C-9BE5-FD6249652062}.Release|Any CPU.ActiveCfg = Release|Any CPU
		{909BAB1C-8BC1-4E2C-9BE5-FD6249652062}.Release|Any CPU.Build.0 = Release|Any CPU
	EndGlobalSection
	GlobalSection(SolutionProperties) = preSolution
		HideSolutionNode = FALSE
	EndGlobalSection
	GlobalSection(NestedProjects) = preSolution
		{909BAB1C-8BC1-4E2C-9BE5-FD6249652062} = {B3E2F601-DD4E-48C1-991E-7155C7E2A04C}
	EndGlobalSection
EndGlobal
